
Microsoft Visual Studio Solution File, Format Version 12.00
# Visual Studio 15
VisualStudioVersion = 15.0.28307.572
MinimumVisualStudioVersion = 10.0.40219.1
Project("{8BC9CEB8-8B4A-11D0-8D11-00A0C91BC942}") = "Prg_challenge_11.1", "Prg_challenge_11.1\Prg_challenge_11.1.vcxproj", "{7D2EA272-D28A-4ADE-853C-5FF9CAA41D07}"
EndProject
Global
	GlobalSection(SolutionConfigurationPlatforms) = preSolution
		Debug|x64 = Debug|x64
		Debug|x86 = Debug|x86
		Release|x64 = Release|x64
		Release|x86 = Release|x86
	EndGlobalSection
	GlobalSection(ProjectConfigurationPlatforms) = postSolution
		{7D2EA272-D28A-4ADE-853C-5FF9CAA41D07}.Debug|x64.ActiveCfg = Debug|x64
		{7D2EA272-D28A-4ADE-853C-5FF9CAA41D07}.Debug|x64.Build.0 = Debug|x64
		{7D2EA272-D28A-4ADE-853C-5FF9CAA41D07}.Debug|x86.ActiveCfg = Debug|Win32
		{7D2EA272-D28A-4ADE-853C-5FF9CAA41D07}.Debug|x86.Build.0 = Debug|Win32
		{7D2EA272-D28A-4ADE-853C-5FF9CAA41D07}.Release|x64.ActiveCfg = Release|x64
		{7D2EA272-D28A-4ADE-853C-5FF9CAA41D07}.Release|x64.Build.0 = Release|x64
		{7D2EA272-D28A-4ADE-853C-5FF9CAA41D07}.Release|x86.ActiveCfg = Release|Win32
		{7D2EA272-D28A-4ADE-853C-5FF9CAA41D07}.Release|x86.Build.0 = Release|Win32
	EndGlobalSection
	GlobalSection(SolutionProperties) = preSolution
		HideSolutionNode = FALSE
	EndGlobalSection
	GlobalSection(ExtensibilityGlobals) = postSolution
		SolutionGuid = {D69B2B58-2C01-4C90-927F-DF1824DB0EA5}
	EndGlobalSection
EndGlobal
